
Microsoft Visual Studio Solution File, Format Version 12.00
# Visual Studio Version 16
VisualStudioVersion = 16.0.31624.102
MinimumVisualStudioVersion = 10.0.40219.1
Project("{FAE04EC0-301F-11D3-BF4B-00C04F79EFBC}") = "RMVRVM.Android", "RMVRVM.Android\RMVRVM.Android.csproj", "{F3206CA3-78AB-446F-BA06-9C8EC07C0164}"
EndProject
Project("{9A19103F-16F7-4668-BE54-9A1E7A4F7556}") = "RMVRVM", "RMVRVM\RMVRVM.csproj", "{405F31CB-FDBA-406A-A3F0-96A2AE6AEC94}"
EndProject
Project("{FAE04EC0-301F-11D3-BF4B-00C04F79EFBC}") = "RMVRVMBackEnd", "RMVRVMBackEnd\RMVRVMBackEnd.csproj", "{99054538-8531-4B49-B918-7C0F97F5DE60}"
EndProject
Global
	GlobalSection(SolutionConfigurationPlatforms) = preSolution
		Debug|Any CPU = Debug|Any CPU
		Release|Any CPU = Release|Any CPU
	EndGlobalSection
	GlobalSection(ProjectConfigurationPlatforms) = postSolution
		{F3206CA3-78AB-446F-BA06-9C8EC07C0164}.Debug|Any CPU.ActiveCfg = Debug|Any CPU
		{F3206CA3-78AB-446F-BA06-9C8EC07C0164}.Debug|Any CPU.Build.0 = Debug|Any CPU
		{F3206CA3-78AB-446F-BA06-9C8EC07C0164}.Debug|Any CPU.Deploy.0 = Debug|Any CPU
		{F3206CA3-78AB-446F-BA06-9C8EC07C0164}.Release|Any CPU.ActiveCfg = Release|Any CPU
		{F3206CA3-78AB-446F-BA06-9C8EC07C0164}.Release|Any CPU.Build.0 = Release|Any CPU
		{F3206CA3-78AB-446F-BA06-9C8EC07C0164}.Release|Any CPU.Deploy.0 = Release|Any CPU
		{405F31CB-FDBA-406A-A3F0-96A2AE6AEC94}.Debug|Any CPU.ActiveCfg = Debug|Any CPU
		{405F31CB-FDBA-406A-A3F0-96A2AE6AEC94}.Debug|Any CPU.Build.0 = Debug|Any CPU
		{405F31CB-FDBA-406A-A3F0-96A2AE6AEC94}.Debug|Any CPU.Deploy.0 = Debug|Any CPU
		{405F31CB-FDBA-406A-A3F0-96A2AE6AEC94}.Release|Any CPU.ActiveCfg = Release|Any CPU
		{405F31CB-FDBA-406A-A3F0-96A2AE6AEC94}.Release|Any CPU.Build.0 = Release|Any CPU
		{405F31CB-FDBA-406A-A3F0-96A2AE6AEC94}.Release|Any CPU.Deploy.0 = Release|Any CPU
		{99054538-8531-4B49-B918-7C0F97F5DE60}.Debug|Any CPU.ActiveCfg = Debug|Any CPU
		{99054538-8531-4B49-B918-7C0F97F5DE60}.Debug|Any CPU.Build.0 = Debug|Any CPU
		{99054538-8531-4B49-B918-7C0F97F5DE60}.Release|Any CPU.ActiveCfg = Release|Any CPU
		{99054538-8531-4B49-B918-7C0F97F5DE60}.Release|Any CPU.Build.0 = Release|Any CPU
	EndGlobalSection
	GlobalSection(SolutionProperties) = preSolution
		HideSolutionNode = FALSE
	EndGlobalSection
	GlobalSection(ExtensibilityGlobals) = postSolution
		SolutionGuid = {C26AE6E4-BBD7-49D2-99E4-FC9A57609CA4}
	EndGlobalSection
EndGlobal
